{
    "_readme": [
        "This file locks the dependencies of your project to a known state",
        "Read more about it at https://getcomposer.org/doc/01-basic-usage.md#composer-lock-the-lock-file",
        "This file is @generated automatically"
    ],
    "hash": "1fddf7b9ec8ee54d0c84e4de9a85cd98",
    "content-hash": "b70713de72eb2d289525dbf67656b139",
    "packages": [
        {
            "name": "cakephp/collection",
            "version": "3.1.6",
            "source": {
                "type": "git",
                "url": "https://github.com/cakephp/collection.git",
                "reference": "2abb259f3a0233211dde24cba6039fcbfe72d228"
            },
            "dist": {
                "type": "zip",
                "url": "https://api.github.com/repos/cakephp/collection/zipball/2abb259f3a0233211dde24cba6039fcbfe72d228",
                "reference": "2abb259f3a0233211dde24cba6039fcbfe72d228",
                "shasum": ""
            },
            "type": "library",
            "autoload": {
                "psr-4": {
                    "Cake\\Collection\\": "."
                },
                "files": [
                    "functions.php"
                ]
            },
            "notification-url": "https://packagist.org/downloads/",
            "license": [
                "MIT"
            ],
            "authors": [
                {
                    "name": "CakePHP Community",
                    "homepage": "http://cakephp.org"
                }
            ],
            "description": "Work easily with arrays and iterators by having a battery of utility traversal methods",
            "time": "2015-11-10 09:29:52"
        },
        {
            "name": "cakephp/core",
            "version": "3.1.6",
            "source": {
                "type": "git",
                "url": "https://github.com/cakephp/core.git",
                "reference": "f837ac78a1f64db7b1e29712f760eb8accb128cc"
            },
            "dist": {
                "type": "zip",
                "url": "https://api.github.com/repos/cakephp/core/zipball/f837ac78a1f64db7b1e29712f760eb8accb128cc",
                "reference": "f837ac78a1f64db7b1e29712f760eb8accb128cc",
                "shasum": ""
            },
            "require": {
                "cakephp/utility": "~3.0"
            },
            "type": "library",
            "autoload": {
                "psr-4": {
                    "Cake\\Core\\": "."
                },
                "files": [
                    "functions.php"
                ]
            },
            "notification-url": "https://packagist.org/downloads/",
            "license": [
                "MIT"
            ],
            "authors": [
                {
                    "name": "CakePHP Community",
                    "homepage": "http://cakephp.org"
                }
            ],
            "description": "CakePHP Framework Core classes",
            "time": "2015-12-04 07:51:05"
        },
        {
            "name": "cakephp/database",
            "version": "3.1.6",
            "source": {
                "type": "git",
                "url": "https://github.com/cakephp/database.git",
                "reference": "57765ce60cff75d74622c6349afba18fa1d97733"
            },
            "dist": {
                "type": "zip",
                "url": "https://api.github.com/repos/cakephp/database/zipball/57765ce60cff75d74622c6349afba18fa1d97733",
                "reference": "57765ce60cff75d74622c6349afba18fa1d97733",
                "shasum": ""
            },
            "require": {
                "cakephp/core": "~3.0",
                "cakephp/datasource": "~3.0"
            },
            "suggest": {
                "cakephp/cache": "Require this if you decide to use the schema caching feature",
                "cakephp/log": "Require this if you want to use the built-in query logger"
            },
            "type": "library",
            "autoload": {
                "psr-4": {
                    "Cake\\Database\\": "."
                }
            },
            "notification-url": "https://packagist.org/downloads/",
            "license": [
                "MIT"
            ],
            "authors": [
                {
                    "name": "CakePHP Community",
                    "homepage": "http://cakephp.org"
                }
            ],
            "description": "Flexible and powerful Database abstraction library with a familiar PDO-like API",
            "time": "2015-12-23 13:18:19"
        },
        {
            "name": "cakephp/datasource",
            "version": "3.1.6",
            "source": {
                "type": "git",
                "url": "https://github.com/cakephp/datasource.git",
                "reference": "d073f1e246b0fd3124662f1b9570c0276dd64063"
            },
            "dist": {
                "type": "zip",
                "url": "https://api.github.com/repos/cakephp/datasource/zipball/d073f1e246b0fd3124662f1b9570c0276dd64063",
                "reference": "d073f1e246b0fd3124662f1b9570c0276dd64063",
                "shasum": ""
            },
            "require": {
                "cakephp/core": "~3.0"
            },
            "suggest": {
                "cakephp/collection": "Require this if you decide to use ResultSetInterface",
                "cakephp/utility": "Require this if you decide to use EntityTrait"
            },
            "type": "library",
            "autoload": {
                "psr-4": {
                    "Cake\\Datasource\\": "."
                }
            },
            "notification-url": "https://packagist.org/downloads/",
            "license": [
                "MIT"
            ],
            "authors": [
                {
                    "name": "CakePHP Community",
                    "homepage": "http://cakephp.org"
                }
            ],
            "description": "Provides connection managing and traits for Entities and Queries that can be reused for different datastores",
            "time": "2015-12-09 00:48:08"
        },
        {
            "name": "cakephp/event",
            "version": "3.1.6",
            "source": {
                "type": "git",
                "url": "https://github.com/cakephp/event.git",
                "reference": "dd7cf8206fcf65e1392aad4324541cd76132539e"
            },
            "dist": {
                "type": "zip",
                "url": "https://api.github.com/repos/cakephp/event/zipball/dd7cf8206fcf65e1392aad4324541cd76132539e",
                "reference": "dd7cf8206fcf65e1392aad4324541cd76132539e",
                "shasum": ""
            },
            "type": "library",
            "autoload": {
                "psr-4": {
                    "Cake\\Event\\": "."
                }
            },
            "notification-url": "https://packagist.org/downloads/",
            "license": [
                "MIT"
            ],
            "authors": [
                {
                    "name": "CakePHP Community",
                    "homepage": "http://cakephp.org"
                }
            ],
            "description": "CakePHP event dispatcher library that helps implementing the observer pattern",
            "time": "2015-11-02 13:49:52"
        },
        {
            "name": "cakephp/log",
            "version": "3.1.6",
            "source": {
                "type": "git",
                "url": "https://github.com/cakephp/log.git",
                "reference": "fe0a4a161114ecb09e13ee16ec852c444f00a895"
            },
            "dist": {
                "type": "zip",
                "url": "https://api.github.com/repos/cakephp/log/zipball/fe0a4a161114ecb09e13ee16ec852c444f00a895",
                "reference": "fe0a4a161114ecb09e13ee16ec852c444f00a895",
                "shasum": ""
            },
            "require": {
                "cakephp/core": "~3.0",
                "psr/log": "1.0"
            },
            "type": "library",
            "autoload": {
                "psr-4": {
                    "Cake\\Log\\": "."
                }
            },
            "notification-url": "https://packagist.org/downloads/",
            "license": [
                "MIT"
            ],
            "authors": [
                {
                    "name": "CakePHP Community",
                    "homepage": "http://cakephp.org"
                }
            ],
            "description": "CakePHP logging library with support for multiple different streams",
            "time": "2015-09-23 17:19:15"
        },
        {
            "name": "cakephp/orm",
            "version": "3.1.0",
            "source": {
                "type": "git",
                "url": "https://github.com/cakephp/orm.git",
                "reference": "f12628b0360e7238929818880b70adebcad5a3c7"
            },
            "dist": {
                "type": "zip",
                "url": "https://api.github.com/repos/cakephp/orm/zipball/f12628b0360e7238929818880b70adebcad5a3c7",
                "reference": "f12628b0360e7238929818880b70adebcad5a3c7",
                "shasum": ""
            },
            "require": {
                "cakephp/collection": "~3.0",
                "cakephp/core": "~3.0",
                "cakephp/database": "~3.0",
                "cakephp/datasource": "~3.0",
                "cakephp/event": "~3.0",
                "cakephp/utility": "~3.0",
                "cakephp/validation": "~3.0"
            },
            "suggest": {
                "cakephp/i18n": "~3.0"
            },
            "type": "library",
            "autoload": {
                "psr-4": {
                    "Cake\\ORM\\": "."
                }
            },
            "notification-url": "https://packagist.org/downloads/",
            "license": [
                "MIT"
            ],
            "authors": [
                {
                    "name": "CakePHP Community",
                    "homepage": "http://cakephp.org"
                }
            ],
            "description": "CakePHP ORM - Provides a flexible and powerful ORM implementing a data-mapper pattern.",
            "time": "2015-09-20 01:52:46"
        },
        {
            "name": "cakephp/utility",
            "version": "3.1.6",
            "source": {
                "type": "git",
                "url": "https://github.com/cakephp/utility.git",
                "reference": "5a8f6c024b20a215f734bce2535e3c67d2eb0152"
            },
            "dist": {
                "type": "zip",
                "url": "https://api.github.com/repos/cakephp/utility/zipball/5a8f6c024b20a215f734bce2535e3c67d2eb0152",
                "reference": "5a8f6c024b20a215f734bce2535e3c67d2eb0152",
                "shasum": ""
            },
            "type": "library",
            "autoload": {
                "psr-4": {
                    "Cake\\Utility\\": "."
                },
                "files": [
                    "bootstrap.php"
                ]
            },
            "notification-url": "https://packagist.org/downloads/",
            "license": [
                "MIT"
            ],
            "authors": [
                {
                    "name": "CakePHP Community",
                    "homepage": "http://cakephp.org"
                }
            ],
            "description": "CakePHP Utility classes such as Inflector, String, Hash, and Security",
            "time": "2015-10-15 20:17:57"
        },
        {
            "name": "cakephp/validation",
            "version": "3.1.6",
            "source": {
                "type": "git",
                "url": "https://github.com/cakephp/validation.git",
                "reference": "b96d455ec343ed9f09bd0aae52b23577571b04a2"
            },
            "dist": {
                "type": "zip",
                "url": "https://api.github.com/repos/cakephp/validation/zipball/b96d455ec343ed9f09bd0aae52b23577571b04a2",
                "reference": "b96d455ec343ed9f09bd0aae52b23577571b04a2",
                "shasum": ""
            },
            "require": {
                "cakephp/utility": "~3.0"
            },
            "type": "library",
            "autoload": {
                "psr-4": {
                    "Cake\\Validation\\": "."
                }
            },
            "notification-url": "https://packagist.org/downloads/",
            "license": [
                "MIT"
            ],
            "authors": [
                {
                    "name": "CakePHP Community",
                    "homepage": "http://cakephp.org"
                }
            ],
            "description": "CakePHP Validation library",
            "time": "2015-12-02 11:11:38"
        },
        {
            "name": "monolog/monolog",
            "version": "1.17.2",
            "source": {
                "type": "git",
                "url": "https://github.com/Seldaek/monolog.git",
                "reference": "bee7f0dc9c3e0b69a6039697533dca1e845c8c24"
            },
            "dist": {
                "type": "zip",
                "url": "https://api.github.com/repos/Seldaek/monolog/zipball/bee7f0dc9c3e0b69a6039697533dca1e845c8c24",
                "reference": "bee7f0dc9c3e0b69a6039697533dca1e845c8c24",
                "shasum": ""
            },
            "require": {
                "php": ">=5.3.0",
                "psr/log": "~1.0"
            },
            "provide": {
                "psr/log-implementation": "1.0.0"
            },
            "require-dev": {
                "aws/aws-sdk-php": "^2.4.9",
                "doctrine/couchdb": "~1.0@dev",
                "graylog2/gelf-php": "~1.0",
                "jakub-onderka/php-parallel-lint": "0.9",
                "php-console/php-console": "^3.1.3",
                "phpunit/phpunit": "~4.5",
                "phpunit/phpunit-mock-objects": "2.3.0",
                "raven/raven": "^0.13",
                "ruflin/elastica": ">=0.90 <3.0",
                "swiftmailer/swiftmailer": "~5.3",
                "videlalvaro/php-amqplib": "~2.4"
            },
            "suggest": {
                "aws/aws-sdk-php": "Allow sending log messages to AWS services like DynamoDB",
                "doctrine/couchdb": "Allow sending log messages to a CouchDB server",
                "ext-amqp": "Allow sending log messages to an AMQP server (1.0+ required)",
                "ext-mongo": "Allow sending log messages to a MongoDB server",
                "graylog2/gelf-php": "Allow sending log messages to a GrayLog2 server",
                "php-console/php-console": "Allow sending log messages to Google Chrome",
                "raven/raven": "Allow sending log messages to a Sentry server",
                "rollbar/rollbar": "Allow sending log messages to Rollbar",
                "ruflin/elastica": "Allow sending log messages to an Elastic Search server",
                "videlalvaro/php-amqplib": "Allow sending log messages to an AMQP server using php-amqplib"
            },
            "type": "library",
            "extra": {
                "branch-alias": {
                    "dev-master": "1.16.x-dev"
                }
            },
            "autoload": {
                "psr-4": {
                    "Monolog\\": "src/Monolog"
                }
            },
            "notification-url": "https://packagist.org/downloads/",
            "license": [
                "MIT"
            ],
            "authors": [
                {
                    "name": "Jordi Boggiano",
                    "email": "j.boggiano@seld.be",
                    "homepage": "http://seld.be"
                }
            ],
            "description": "Sends your logs to files, sockets, inboxes, databases and various web services",
            "homepage": "http://github.com/Seldaek/monolog",
            "keywords": [
                "log",
                "logging",
                "psr-3"
            ],
            "time": "2015-10-14 12:51:02"
        },
        {
            "name": "psr/log",
            "version": "1.0.0",
            "source": {
                "type": "git",
                "url": "https://github.com/php-fig/log.git",
                "reference": "fe0936ee26643249e916849d48e3a51d5f5e278b"
            },
            "dist": {
                "type": "zip",
                "url": "https://api.github.com/repos/php-fig/log/zipball/fe0936ee26643249e916849d48e3a51d5f5e278b",
                "reference": "fe0936ee26643249e916849d48e3a51d5f5e278b",
                "shasum": ""
            },
            "type": "library",
            "autoload": {
                "psr-0": {
                    "Psr\\Log\\": ""
                }
            },
            "notification-url": "https://packagist.org/downloads/",
            "license": [
                "MIT"
            ],
            "authors": [
                {
                    "name": "PHP-FIG",
                    "homepage": "http://www.php-fig.org/"
                }
            ],
            "description": "Common interface for logging libraries",
            "keywords": [
                "log",
                "psr",
                "psr-3"
            ],
            "time": "2012-12-21 11:40:51"
        }
    ],
    "packages-dev": [],
    "aliases": [],
    "minimum-stability": "stable",
    "stability-flags": [],
    "prefer-stable": false,
    "prefer-lowest": false,
    "platform": [],
    "platform-dev": []
}
